
Microsoft Visual Studio Solution File, Format Version 12.00
# Visual Studio Version 16
VisualStudioVersion = 16.0.29102.190
MinimumVisualStudioVersion = 10.0.40219.1
Project("{FAE04EC0-301F-11D3-BF4B-00C04F79EFBC}") = "TestMDB1", "TestMDB1\TestMDB1.csproj", "{0BD66773-A2B4-42BF-8368-949324EF7DB6}"
EndProject
Global
	GlobalSection(SolutionConfigurationPlatforms) = preSolution
		Debug|Any CPU = Debug|Any CPU
		Release|Any CPU = Release|Any CPU
	EndGlobalSection
	GlobalSection(ProjectConfigurationPlatforms) = postSolution
		{0BD66773-A2B4-42BF-8368-949324EF7DB6}.Debug|Any CPU.ActiveCfg = Debug|Any CPU
		{0BD66773-A2B4-42BF-8368-949324EF7DB6}.Debug|Any CPU.Build.0 = Debug|Any CPU
		{0BD66773-A2B4-42BF-8368-949324EF7DB6}.Release|Any CPU.ActiveCfg = Release|Any CPU
		{0BD66773-A2B4-42BF-8368-949324EF7DB6}.Release|Any CPU.Build.0 = Release|Any CPU
	EndGlobalSection
	GlobalSection(SolutionProperties) = preSolution
		HideSolutionNode = FALSE
	EndGlobalSection
	GlobalSection(ExtensibilityGlobals) = postSolution
		SolutionGuid = {C2EF7636-7142-4C4F-BE3D-6F79C61B46C5}
	EndGlobalSection
EndGlobal
